# This file was autogenerated by Stack.
# You should not edit this file by hand.
# For more information, please see the documentation at:
#   https://docs.haskellstack.org/en/stable/lock_files

packages:
- completed:
    commit: 4c122412e80c45bd28d03ead16f1a153bd53fcf4
    git: https://github.com/codedownio/haskell-oidc-client
    name: oidc-client
    pantry-tree:
      sha256: d2f194f36144d7da1608fe2060d59e1d64341758fa9adf3473ff6c3d6da345e3
      size: 1846
    version: 0.8.0.0
  original:
    commit: 4c122412e80c45bd28d03ead16f1a153bd53fcf4
    git: https://github.com/codedownio/haskell-oidc-client
snapshots:
- completed:
    sha256: 9b43e51f2c54211993d5954da8b49604704d8288103b8d9150a19a703f4e55e7
    size: 719126
    url: https://raw.githubusercontent.com/commercialhaskell/stackage-snapshots/master/lts/22/25.yaml
  original: lts-22.25
