# This file was autogenerated by Stack.
# You should not edit this file by hand.
# For more information, please see the documentation at:
#   https://docs.haskellstack.org/en/stable/lock_files

packages:
- completed:
    hackage: jsonpath-0.2.0.0@sha256:de8eba99a0a970ea1c82b934ccc338f3b5d3fe8273f9196f368ca7bfcf680434,2195
    pantry-tree:
      size: 1098
      sha256: dd8c7029fab3895f60fef8e1fd537c9ebde4a90006cc0f0582ffd9b87955ad9e
  original:
    hackage: jsonpath-0.2.0.0
- completed:
    hackage: jwt-0.10.0@sha256:2cb02121a9aab3b2d8d927cca78e0ebd6e43661a73cc65024162e9d1096ca5d1,4186
    pantry-tree:
      size: 1027
      sha256: b7c92f54dcba5085f7a3660d41bc3236cd3b3fc2b8c762bda8af88ae1e47f29c
  original:
    hackage: jwt-0.10.0
- completed:
    hackage: oidc-client-0.4.0.0@sha256:f72a496ab27d9a5071be44e750718c539118ac52c2f1535a5fb3dde7f9874a55,3306
    pantry-tree:
      size: 1153
      sha256: 68c285c6365360975d50bbb18cb07755d5ef19af8bf0e998d3ea46d35ef4a4e1
  original:
    hackage: oidc-client-0.4.0.0
- completed:
    hackage: hoauth2-1.16.0@sha256:161b20369ce80cd8348e448e3b307e7850c3d21e8ae4f1e258dbd04d0da34a65,5629
    pantry-tree:
      size: 2046
      sha256: 55931b378faa4a89275c572ecf9a5ec65a7a71f092819e4f704a285a7d4f6f35
  original:
    hackage: hoauth2-1.16.0
snapshots:
- completed:
    size: 634925
    url: https://raw.githubusercontent.com/commercialhaskell/stackage-snapshots/master/nightly/2022/2/7.yaml
    sha256: eccf3b87cf7521eb8e7704c2efbb579d2074a0a76c7b961e0f07b98b3079ada5
  original: nightly-2022-02-07
