# This file was autogenerated by Stack.
# You should not edit this file by hand.
# For more information, please see the documentation at:
#   https://docs.haskellstack.org/en/stable/lock_files

packages:
- completed:
    commit: b70757b85751525cba41316ea9af132d9a43cfaf
    git: https://github.com/codedownio/haskell-oidc-client
    name: oidc-client
    pantry-tree:
      sha256: b389011ec2b8e7422a56c82833075ddf0152f613044f7acdd1f51a1346d2f7ca
      size: 1901
    version: 0.8.0.0
  original:
    commit: b70757b85751525cba41316ea9af132d9a43cfaf
    git: https://github.com/codedownio/haskell-oidc-client
snapshots:
- completed:
    sha256: a81fb3877c4f9031e1325eb3935122e608d80715dc16b586eb11ddbff8671ecd
    size: 640086
    url: https://raw.githubusercontent.com/commercialhaskell/stackage-snapshots/master/lts/21/25.yaml
  original: lts-21.25
