# This file was autogenerated by Stack.
# You should not edit this file by hand.
# For more information, please see the documentation at:
#   https://docs.haskellstack.org/en/stable/lock_files

packages:
- completed:
    commit: b70757b85751525cba41316ea9af132d9a43cfaf
    git: https://github.com/codedownio/haskell-oidc-client
    name: oidc-client
    pantry-tree:
      sha256: b389011ec2b8e7422a56c82833075ddf0152f613044f7acdd1f51a1346d2f7ca
      size: 1901
    version: 0.8.0.0
  original:
    commit: b70757b85751525cba41316ea9af132d9a43cfaf
    git: https://github.com/codedownio/haskell-oidc-client
snapshots:
- completed:
    sha256: d14d2743bfd6881cef22f855af7038797db5cc55798feb0ef2923d20cbc022db
    size: 649141
    url: https://raw.githubusercontent.com/commercialhaskell/stackage-snapshots/master/nightly/2024/6/12.yaml
  original: nightly-2024-06-12
