# This file was autogenerated by Stack.
# You should not edit this file by hand.
# For more information, please see the documentation at:
#   https://docs.haskellstack.org/en/stable/lock_files

packages:
- completed:
    hackage: oidc-client-0.4.0.0@sha256:f72a496ab27d9a5071be44e750718c539118ac52c2f1535a5fb3dde7f9874a55,3306
    pantry-tree:
      sha256: 68c285c6365360975d50bbb18cb07755d5ef19af8bf0e998d3ea46d35ef4a4e1
      size: 1153
  original:
    hackage: oidc-client-0.4.0.0
snapshots:
- completed:
    sha256: 428ec8d5ce932190d3cbe266b9eb3c175cd81e984babf876b64019e2cbe4ea68
    size: 590100
    url: https://raw.githubusercontent.com/commercialhaskell/stackage-snapshots/master/lts/18/28.yaml
  original: lts-18.28
