# This file was autogenerated by Stack.
# You should not edit this file by hand.
# For more information, please see the documentation at:
#   https://docs.haskellstack.org/en/stable/lock_files

packages:
- completed:
    hackage: jsonpath-0.1.0.1@sha256:55718ac52b25cd8ce80fbdc9079a112344f032b056cfaf30737a29b6bd1a5c12,2377
    pantry-tree:
      size: 1097
      sha256: 027749c943abaa6a78adc58e5abd4b3f42644c17c5fb7edf816557424a79448b
  original:
    hackage: jsonpath-0.1.0.1
- completed:
    hackage: jwt-0.10.0@sha256:d14551b0c357424fb9441ec9a7a9d5b90b13f805fcc9327ba49db548cd64fc29,4180
    pantry-tree:
      size: 1027
      sha256: e0cf95e834d99768ad8a3f7e99246948f0cdd2cfa18813517f540144aea6c3e5
  original:
    hackage: jwt-0.10.0
- completed:
    hackage: oidc-client-0.4.0.0@sha256:f72a496ab27d9a5071be44e750718c539118ac52c2f1535a5fb3dde7f9874a55,3306
    pantry-tree:
      size: 1153
      sha256: 68c285c6365360975d50bbb18cb07755d5ef19af8bf0e998d3ea46d35ef4a4e1
  original:
    hackage: oidc-client-0.4.0.0
- completed:
    hackage: hoauth2-1.16.0@sha256:161b20369ce80cd8348e448e3b307e7850c3d21e8ae4f1e258dbd04d0da34a65,5629
    pantry-tree:
      size: 2046
      sha256: 55931b378faa4a89275c572ecf9a5ec65a7a71f092819e4f704a285a7d4f6f35
  original:
    hackage: hoauth2-1.16.0
snapshots:
- completed:
    size: 523700
    url: https://raw.githubusercontent.com/commercialhaskell/stackage-snapshots/master/lts/14/7.yaml
    sha256: 8e3f3c894be74d71fa4bf085e0a8baae7e4d7622d07ea31a52736b80f8b9bb1a
  original: lts-14.7
