# This file was autogenerated by Stack.
# You should not edit this file by hand.
# For more information, please see the documentation at:
#   https://docs.haskellstack.org/en/stable/lock_files

packages:
- completed:
    hackage: jsonpath-0.1.0.1@sha256:55718ac52b25cd8ce80fbdc9079a112344f032b056cfaf30737a29b6bd1a5c12,2377
    pantry-tree:
      size: 1097
      sha256: 027749c943abaa6a78adc58e5abd4b3f42644c17c5fb7edf816557424a79448b
  original:
    hackage: jsonpath-0.1.0.1
- completed:
    hackage: jwt-0.10.0@sha256:d14551b0c357424fb9441ec9a7a9d5b90b13f805fcc9327ba49db548cd64fc29,4180
    pantry-tree:
      size: 1027
      sha256: e0cf95e834d99768ad8a3f7e99246948f0cdd2cfa18813517f540144aea6c3e5
  original:
    hackage: jwt-0.10.0
- completed:
    hackage: katip-0.8.0.0@sha256:8a74858b692edfdbe83ac377b116111f81b4dcda774024615967d764f9f474b8,4097
    pantry-tree:
      size: 1140
      sha256: f6baad9ee2edc7ed02d71bd8433872403500ebbdfaead9e4ef226dc47b3c4b97
  original:
    hackage: katip-0.8.0.0
- completed:
    hackage: oidc-client-0.4.0.0@sha256:f72a496ab27d9a5071be44e750718c539118ac52c2f1535a5fb3dde7f9874a55,3306
    pantry-tree:
      size: 1153
      sha256: 68c285c6365360975d50bbb18cb07755d5ef19af8bf0e998d3ea46d35ef4a4e1
  original:
    hackage: oidc-client-0.4.0.0
- completed:
    hackage: string-random-0.1.2.0@sha256:db4f801dec1ec72cba7d662b9774da60ff54de6d05478e94478d6d730dc5034f,2439
    pantry-tree:
      size: 489
      sha256: 21c7e61fceea98d14b453fc74c947b715ce33fe4c665c65b1f28c6f417d4ab7e
  original:
    hackage: string-random-0.1.2.0
snapshots:
- completed:
    size: 496697
    url: https://raw.githubusercontent.com/commercialhaskell/stackage-snapshots/master/lts/13/9.yaml
    sha256: 3846ba7d13dd1b2679426dc3f450332a3b8a181063b0f3fc2d0c7d55db2e9c24
  original: lts-13.9
